
Microsoft Visual Studio Solution File, Format Version 12.00
# Visual Studio Version 16
VisualStudioVersion = 16.0.28729.10
MinimumVisualStudioVersion = 10.0.40219.1
Project("{FAE04EC0-301F-11D3-BF4B-00C04F79EFBC}") = "mtga-log-client", "mtga-log-client.csproj", "{1851AFCA-9742-4E39-AF62-CEF05CEE3C16}"
EndProject
Global
	GlobalSection(SolutionConfigurationPlatforms) = preSolution
		Debug|Any CPU = Debug|Any CPU
		Release|Any CPU = Release|Any CPU
	EndGlobalSection
	GlobalSection(ProjectConfigurationPlatforms) = postSolution
		{1851AFCA-9742-4E39-AF62-CEF05CEE3C16}.Debug|Any CPU.ActiveCfg = Debug|Any CPU
		{1851AFCA-9742-4E39-AF62-CEF05CEE3C16}.Debug|Any CPU.Build.0 = Debug|Any CPU
		{1851AFCA-9742-4E39-AF62-CEF05CEE3C16}.Release|Any CPU.ActiveCfg = Release|Any CPU
		{1851AFCA-9742-4E39-AF62-CEF05CEE3C16}.Release|Any CPU.Build.0 = Release|Any CPU
	EndGlobalSection
	GlobalSection(SolutionProperties) = preSolution
		HideSolutionNode = FALSE
	EndGlobalSection
	GlobalSection(ExtensibilityGlobals) = postSolution
		SolutionGuid = {BECDC1EF-9B92-444C-A05B-BD4B56A079EB}
	EndGlobalSection
EndGlobal
